
Microsoft Visual Studio Solution File, Format Version 12.00
# Visual Studio Version 16
VisualStudioVersion = 16.0.31729.503
MinimumVisualStudioVersion = 10.0.40219.1
Project("{FAE04EC0-301F-11D3-BF4B-00C04F79EFBC}") = "TestProject1", "TestProject1\TestProject1.csproj", "{99E2EDAA-2BD7-41B3-AF28-5F428A3E5075}"
EndProject
Global
	GlobalSection(SolutionConfigurationPlatforms) = preSolution
		Debug|Any CPU = Debug|Any CPU
		Release|Any CPU = Release|Any CPU
	EndGlobalSection
	GlobalSection(ProjectConfigurationPlatforms) = postSolution
		{99E2EDAA-2BD7-41B3-AF28-5F428A3E5075}.Debug|Any CPU.ActiveCfg = Debug|Any CPU
		{99E2EDAA-2BD7-41B3-AF28-5F428A3E5075}.Debug|Any CPU.Build.0 = Debug|Any CPU
		{99E2EDAA-2BD7-41B3-AF28-5F428A3E5075}.Release|Any CPU.ActiveCfg = Release|Any CPU
		{99E2EDAA-2BD7-41B3-AF28-5F428A3E5075}.Release|Any CPU.Build.0 = Release|Any CPU
	EndGlobalSection
	GlobalSection(SolutionProperties) = preSolution
		HideSolutionNode = FALSE
	EndGlobalSection
	GlobalSection(ExtensibilityGlobals) = postSolution
		SolutionGuid = {2B588D82-DA74-4B62-A4BE-17875700D03E}
	EndGlobalSection
EndGlobal
